
Microsoft Visual Studio Solution File, Format Version 12.00
# Visual Studio Version 17
VisualStudioVersion = 17.0.31717.71
MinimumVisualStudioVersion = 15.0.26124.0
Project("{2150E333-8FDC-42A3-9474-1A3956D46DE8}") = "Assets", "Assets", "{C78AC8C6-8CE2-4C77-9493-3E6F22D4F82B}"
	ProjectSection(SolutionItems) = preProject
		LICENSE.md = LICENSE.md
		.config\assets\nuget.png = .config\assets\nuget.png
		README.md = README.md
	EndProjectSection
EndProject
Project("{2150E333-8FDC-42A3-9474-1A3956D46DE8}") = "Configuration", "Configuration", "{0577A3E6-642A-4865-90E7-70103A1B0880}"
	ProjectSection(SolutionItems) = preProject
		.config\.editorconfig = .config\.editorconfig
		.config\.gitignore-dotnet = .config\.gitignore-dotnet
		azure-pipelines.yml = azure-pipelines.yml
		.config\Directory.Build.props = .config\Directory.Build.props
		.config\Directory.Build.targets = .config\Directory.Build.targets
		.config\dotnet.ruleset = .config\dotnet.ruleset
		.config\GitVersion.yml = .config\GitVersion.yml
		LICENSE.md = LICENSE.md
		.config\stylecop.json = .config\stylecop.json
		.config\xunit.runner.json = .config\xunit.runner.json
	EndProjectSection
EndProject
Project("{2150E333-8FDC-42A3-9474-1A3956D46DE8}") = "src", "src", "{52270E06-D3BB-4B8E-A261-377E460B5FD5}"
	ProjectSection(SolutionItems) = preProject
		src\Directory.build.props = src\Directory.build.props
	EndProjectSection
EndProject
Project("{2150E333-8FDC-42A3-9474-1A3956D46DE8}") = "tests", "tests", "{4FAAB5E4-2D81-4062-90D2-6F68DF746BD2}"
EndProject
Project("{9A19103F-16F7-4668-BE54-9A1E7A4F7556}") = "Configuration.Persistence", "src\Configuration.Persistence\Configuration.Persistence.csproj", "{F48B66E0-9768-46C3-AEFD-E04807D4CC2B}"
EndProject
Project("{9A19103F-16F7-4668-BE54-9A1E7A4F7556}") = "Configuration.PersistenceTests", "tests\Configuration.PersistenceTests\Configuration.PersistenceTests.csproj", "{470E9DF1-37DE-4B95-9F32-B2ACEACB1C8F}"
EndProject
Project("{9A19103F-16F7-4668-BE54-9A1E7A4F7556}") = "Configuration.Peristence.IdentityServer", "src\Configuration.Peristence.IdentityServer\Configuration.Peristence.IdentityServer.csproj", "{7FE53649-E01F-4E1C-A0A9-AD0984FE9F78}"
EndProject
Project("{2150E333-8FDC-42A3-9474-1A3956D46DE8}") = "samples", "samples", "{4C02DD63-BFCB-4700-B03F-25B8F40714AC}"
EndProject
Project("{9A19103F-16F7-4668-BE54-9A1E7A4F7556}") = "Samples.CityCensus", "samples\Samples.CityCensus\Samples.CityCensus.csproj", "{193BF37C-0646-43D4-B80A-D4D8E325A924}"
EndProject
Project("{9A19103F-16F7-4668-BE54-9A1E7A4F7556}") = "Configuration.Persistence.Converters", "src\Configuration.Persistence.Converters\Configuration.Persistence.Converters.csproj", "{97D616D8-1AA7-4E73-97F9-1BC76E1A4900}"
EndProject
Project("{9A19103F-16F7-4668-BE54-9A1E7A4F7556}") = "Configuration.Persistence.ConvertersTests", "tests\Configuration.Persistence.ConvertersTests\Configuration.Persistence.ConvertersTests.csproj", "{DDB981FE-A84F-43E4-8BC2-B26D034FC682}"
EndProject
Project("{9A19103F-16F7-4668-BE54-9A1E7A4F7556}") = "Configuration.Persistence.Contracts", "src\Configuration.Persistence.Contracts\Configuration.Persistence.Contracts.csproj", "{2DFE981A-D1CF-4208-834F-2817C7979CED}"
EndProject
Project("{9A19103F-16F7-4668-BE54-9A1E7A4F7556}") = "Configuration.Persistence.Interceptors", "src\Configuration.Persistence.Interceptors\Configuration.Persistence.Interceptors.csproj", "{64904748-4912-4443-8AC4-2F245C7239D8}"
EndProject
Project("{9A19103F-16F7-4668-BE54-9A1E7A4F7556}") = "Configuration.Persistence.InterceptorTests", "tests\Configuration.Persistence.InterceptorTests\Configuration.Persistence.InterceptorTests.csproj", "{3BD00A07-08DC-45BC-B56D-FFF435A357F7}"
EndProject
Project("{9A19103F-16F7-4668-BE54-9A1E7A4F7556}") = "Configuration.Persistence.AspNetCore", "src\Configuration.Persistence.AspNetCore\Configuration.Persistence.AspNetCore.csproj", "{8A146DDE-370B-4D49-B5C2-FEBEAA9B24DC}"
EndProject
Project("{9A19103F-16F7-4668-BE54-9A1E7A4F7556}") = "Configuration.Persistence.AspNetCoreTests", "tests\Configuration.Persistence.AspNetCoreTests\Configuration.Persistence.AspNetCoreTests.csproj", "{58D9836D-5F93-4AF9-B780-3464E7150AB3}"
EndProject
Global
	GlobalSection(SolutionConfigurationPlatforms) = preSolution
		Debug|Any CPU = Debug|Any CPU
		Debug|x64 = Debug|x64
		Debug|x86 = Debug|x86
		Release|Any CPU = Release|Any CPU
		Release|x64 = Release|x64
		Release|x86 = Release|x86
	EndGlobalSection
	GlobalSection(ProjectConfigurationPlatforms) = postSolution
		{F48B66E0-9768-46C3-AEFD-E04807D4CC2B}.Debug|Any CPU.ActiveCfg = Debug|Any CPU
		{F48B66E0-9768-46C3-AEFD-E04807D4CC2B}.Debug|Any CPU.Build.0 = Debug|Any CPU
		{F48B66E0-9768-46C3-AEFD-E04807D4CC2B}.Debug|x64.ActiveCfg = Debug|Any CPU
		{F48B66E0-9768-46C3-AEFD-E04807D4CC2B}.Debug|x64.Build.0 = Debug|Any CPU
		{F48B66E0-9768-46C3-AEFD-E04807D4CC2B}.Debug|x86.ActiveCfg = Debug|Any CPU
		{F48B66E0-9768-46C3-AEFD-E04807D4CC2B}.Debug|x86.Build.0 = Debug|Any CPU
		{F48B66E0-9768-46C3-AEFD-E04807D4CC2B}.Release|Any CPU.ActiveCfg = Release|Any CPU
		{F48B66E0-9768-46C3-AEFD-E04807D4CC2B}.Release|Any CPU.Build.0 = Release|Any CPU
		{F48B66E0-9768-46C3-AEFD-E04807D4CC2B}.Release|x64.ActiveCfg = Release|Any CPU
		{F48B66E0-9768-46C3-AEFD-E04807D4CC2B}.Release|x64.Build.0 = Release|Any CPU
		{F48B66E0-9768-46C3-AEFD-E04807D4CC2B}.Release|x86.ActiveCfg = Release|Any CPU
		{F48B66E0-9768-46C3-AEFD-E04807D4CC2B}.Release|x86.Build.0 = Release|Any CPU
		{470E9DF1-37DE-4B95-9F32-B2ACEACB1C8F}.Debug|Any CPU.ActiveCfg = Debug|Any CPU
		{470E9DF1-37DE-4B95-9F32-B2ACEACB1C8F}.Debug|Any CPU.Build.0 = Debug|Any CPU
		{470E9DF1-37DE-4B95-9F32-B2ACEACB1C8F}.Debug|x64.ActiveCfg = Debug|Any CPU
		{470E9DF1-37DE-4B95-9F32-B2ACEACB1C8F}.Debug|x64.Build.0 = Debug|Any CPU
		{470E9DF1-37DE-4B95-9F32-B2ACEACB1C8F}.Debug|x86.ActiveCfg = Debug|Any CPU
		{470E9DF1-37DE-4B95-9F32-B2ACEACB1C8F}.Debug|x86.Build.0 = Debug|Any CPU
		{470E9DF1-37DE-4B95-9F32-B2ACEACB1C8F}.Release|Any CPU.ActiveCfg = Release|Any CPU
		{470E9DF1-37DE-4B95-9F32-B2ACEACB1C8F}.Release|Any CPU.Build.0 = Release|Any CPU
		{470E9DF1-37DE-4B95-9F32-B2ACEACB1C8F}.Release|x64.ActiveCfg = Release|Any CPU
		{470E9DF1-37DE-4B95-9F32-B2ACEACB1C8F}.Release|x64.Build.0 = Release|Any CPU
		{470E9DF1-37DE-4B95-9F32-B2ACEACB1C8F}.Release|x86.ActiveCfg = Release|Any CPU
		{470E9DF1-37DE-4B95-9F32-B2ACEACB1C8F}.Release|x86.Build.0 = Release|Any CPU
		{7FE53649-E01F-4E1C-A0A9-AD0984FE9F78}.Debug|Any CPU.ActiveCfg = Debug|Any CPU
		{7FE53649-E01F-4E1C-A0A9-AD0984FE9F78}.Debug|Any CPU.Build.0 = Debug|Any CPU
		{7FE53649-E01F-4E1C-A0A9-AD0984FE9F78}.Debug|x64.ActiveCfg = Debug|Any CPU
		{7FE53649-E01F-4E1C-A0A9-AD0984FE9F78}.Debug|x64.Build.0 = Debug|Any CPU
		{7FE53649-E01F-4E1C-A0A9-AD0984FE9F78}.Debug|x86.ActiveCfg = Debug|Any CPU
		{7FE53649-E01F-4E1C-A0A9-AD0984FE9F78}.Debug|x86.Build.0 = Debug|Any CPU
		{7FE53649-E01F-4E1C-A0A9-AD0984FE9F78}.Release|Any CPU.ActiveCfg = Release|Any CPU
		{7FE53649-E01F-4E1C-A0A9-AD0984FE9F78}.Release|Any CPU.Build.0 = Release|Any CPU
		{7FE53649-E01F-4E1C-A0A9-AD0984FE9F78}.Release|x64.ActiveCfg = Release|Any CPU
		{7FE53649-E01F-4E1C-A0A9-AD0984FE9F78}.Release|x64.Build.0 = Release|Any CPU
		{7FE53649-E01F-4E1C-A0A9-AD0984FE9F78}.Release|x86.ActiveCfg = Release|Any CPU
		{7FE53649-E01F-4E1C-A0A9-AD0984FE9F78}.Release|x86.Build.0 = Release|Any CPU
		{193BF37C-0646-43D4-B80A-D4D8E325A924}.Debug|Any CPU.ActiveCfg = Debug|Any CPU
		{193BF37C-0646-43D4-B80A-D4D8E325A924}.Debug|Any CPU.Build.0 = Debug|Any CPU
		{193BF37C-0646-43D4-B80A-D4D8E325A924}.Debug|x64.ActiveCfg = Debug|Any CPU
		{193BF37C-0646-43D4-B80A-D4D8E325A924}.Debug|x64.Build.0 = Debug|Any CPU
		{193BF37C-0646-43D4-B80A-D4D8E325A924}.Debug|x86.ActiveCfg = Debug|Any CPU
		{193BF37C-0646-43D4-B80A-D4D8E325A924}.Debug|x86.Build.0 = Debug|Any CPU
		{193BF37C-0646-43D4-B80A-D4D8E325A924}.Release|Any CPU.ActiveCfg = Release|Any CPU
		{193BF37C-0646-43D4-B80A-D4D8E325A924}.Release|Any CPU.Build.0 = Release|Any CPU
		{193BF37C-0646-43D4-B80A-D4D8E325A924}.Release|x64.ActiveCfg = Release|Any CPU
		{193BF37C-0646-43D4-B80A-D4D8E325A924}.Release|x64.Build.0 = Release|Any CPU
		{193BF37C-0646-43D4-B80A-D4D8E325A924}.Release|x86.ActiveCfg = Release|Any CPU
		{193BF37C-0646-43D4-B80A-D4D8E325A924}.Release|x86.Build.0 = Release|Any CPU
		{97D616D8-1AA7-4E73-97F9-1BC76E1A4900}.Debug|Any CPU.ActiveCfg = Debug|Any CPU
		{97D616D8-1AA7-4E73-97F9-1BC76E1A4900}.Debug|Any CPU.Build.0 = Debug|Any CPU
		{97D616D8-1AA7-4E73-97F9-1BC76E1A4900}.Debug|x64.ActiveCfg = Debug|Any CPU
		{97D616D8-1AA7-4E73-97F9-1BC76E1A4900}.Debug|x64.Build.0 = Debug|Any CPU
		{97D616D8-1AA7-4E73-97F9-1BC76E1A4900}.Debug|x86.ActiveCfg = Debug|Any CPU
		{97D616D8-1AA7-4E73-97F9-1BC76E1A4900}.Debug|x86.Build.0 = Debug|Any CPU
		{97D616D8-1AA7-4E73-97F9-1BC76E1A4900}.Release|Any CPU.ActiveCfg = Release|Any CPU
		{97D616D8-1AA7-4E73-97F9-1BC76E1A4900}.Release|Any CPU.Build.0 = Release|Any CPU
		{97D616D8-1AA7-4E73-97F9-1BC76E1A4900}.Release|x64.ActiveCfg = Release|Any CPU
		{97D616D8-1AA7-4E73-97F9-1BC76E1A4900}.Release|x64.Build.0 = Release|Any CPU
		{97D616D8-1AA7-4E73-97F9-1BC76E1A4900}.Release|x86.ActiveCfg = Release|Any CPU
		{97D616D8-1AA7-4E73-97F9-1BC76E1A4900}.Release|x86.Build.0 = Release|Any CPU
		{DDB981FE-A84F-43E4-8BC2-B26D034FC682}.Debug|Any CPU.ActiveCfg = Debug|Any CPU
		{DDB981FE-A84F-43E4-8BC2-B26D034FC682}.Debug|Any CPU.Build.0 = Debug|Any CPU
		{DDB981FE-A84F-43E4-8BC2-B26D034FC682}.Debug|x64.ActiveCfg = Debug|Any CPU
		{DDB981FE-A84F-43E4-8BC2-B26D034FC682}.Debug|x64.Build.0 = Debug|Any CPU
		{DDB981FE-A84F-43E4-8BC2-B26D034FC682}.Debug|x86.ActiveCfg = Debug|Any CPU
		{DDB981FE-A84F-43E4-8BC2-B26D034FC682}.Debug|x86.Build.0 = Debug|Any CPU
		{DDB981FE-A84F-43E4-8BC2-B26D034FC682}.Release|Any CPU.ActiveCfg = Release|Any CPU
		{DDB981FE-A84F-43E4-8BC2-B26D034FC682}.Release|Any CPU.Build.0 = Release|Any CPU
		{DDB981FE-A84F-43E4-8BC2-B26D034FC682}.Release|x64.ActiveCfg = Release|Any CPU
		{DDB981FE-A84F-43E4-8BC2-B26D034FC682}.Release|x64.Build.0 = Release|Any CPU
		{DDB981FE-A84F-43E4-8BC2-B26D034FC682}.Release|x86.ActiveCfg = Release|Any CPU
		{DDB981FE-A84F-43E4-8BC2-B26D034FC682}.Release|x86.Build.0 = Release|Any CPU
		{2DFE981A-D1CF-4208-834F-2817C7979CED}.Debug|Any CPU.ActiveCfg = Debug|Any CPU
		{2DFE981A-D1CF-4208-834F-2817C7979CED}.Debug|Any CPU.Build.0 = Debug|Any CPU
		{2DFE981A-D1CF-4208-834F-2817C7979CED}.Debug|x64.ActiveCfg = Debug|Any CPU
		{2DFE981A-D1CF-4208-834F-2817C7979CED}.Debug|x64.Build.0 = Debug|Any CPU
		{2DFE981A-D1CF-4208-834F-2817C7979CED}.Debug|x86.ActiveCfg = Debug|Any CPU
		{2DFE981A-D1CF-4208-834F-2817C7979CED}.Debug|x86.Build.0 = Debug|Any CPU
		{2DFE981A-D1CF-4208-834F-2817C7979CED}.Release|Any CPU.ActiveCfg = Release|Any CPU
		{2DFE981A-D1CF-4208-834F-2817C7979CED}.Release|Any CPU.Build.0 = Release|Any CPU
		{2DFE981A-D1CF-4208-834F-2817C7979CED}.Release|x64.ActiveCfg = Release|Any CPU
		{2DFE981A-D1CF-4208-834F-2817C7979CED}.Release|x64.Build.0 = Release|Any CPU
		{2DFE981A-D1CF-4208-834F-2817C7979CED}.Release|x86.ActiveCfg = Release|Any CPU
		{2DFE981A-D1CF-4208-834F-2817C7979CED}.Release|x86.Build.0 = Release|Any CPU
		{64904748-4912-4443-8AC4-2F245C7239D8}.Debug|Any CPU.ActiveCfg = Debug|Any CPU
		{64904748-4912-4443-8AC4-2F245C7239D8}.Debug|Any CPU.Build.0 = Debug|Any CPU
		{64904748-4912-4443-8AC4-2F245C7239D8}.Debug|x64.ActiveCfg = Debug|Any CPU
		{64904748-4912-4443-8AC4-2F245C7239D8}.Debug|x64.Build.0 = Debug|Any CPU
		{64904748-4912-4443-8AC4-2F245C7239D8}.Debug|x86.ActiveCfg = Debug|Any CPU
		{64904748-4912-4443-8AC4-2F245C7239D8}.Debug|x86.Build.0 = Debug|Any CPU
		{64904748-4912-4443-8AC4-2F245C7239D8}.Release|Any CPU.ActiveCfg = Release|Any CPU
		{64904748-4912-4443-8AC4-2F245C7239D8}.Release|Any CPU.Build.0 = Release|Any CPU
		{64904748-4912-4443-8AC4-2F245C7239D8}.Release|x64.ActiveCfg = Release|Any CPU
		{64904748-4912-4443-8AC4-2F245C7239D8}.Release|x64.Build.0 = Release|Any CPU
		{64904748-4912-4443-8AC4-2F245C7239D8}.Release|x86.ActiveCfg = Release|Any CPU
		{64904748-4912-4443-8AC4-2F245C7239D8}.Release|x86.Build.0 = Release|Any CPU
		{3BD00A07-08DC-45BC-B56D-FFF435A357F7}.Debug|Any CPU.ActiveCfg = Debug|Any CPU
		{3BD00A07-08DC-45BC-B56D-FFF435A357F7}.Debug|Any CPU.Build.0 = Debug|Any CPU
		{3BD00A07-08DC-45BC-B56D-FFF435A357F7}.Debug|x64.ActiveCfg = Debug|Any CPU
		{3BD00A07-08DC-45BC-B56D-FFF435A357F7}.Debug|x64.Build.0 = Debug|Any CPU
		{3BD00A07-08DC-45BC-B56D-FFF435A357F7}.Debug|x86.ActiveCfg = Debug|Any CPU
		{3BD00A07-08DC-45BC-B56D-FFF435A357F7}.Debug|x86.Build.0 = Debug|Any CPU
		{3BD00A07-08DC-45BC-B56D-FFF435A357F7}.Release|Any CPU.ActiveCfg = Release|Any CPU
		{3BD00A07-08DC-45BC-B56D-FFF435A357F7}.Release|Any CPU.Build.0 = Release|Any CPU
		{3BD00A07-08DC-45BC-B56D-FFF435A357F7}.Release|x64.ActiveCfg = Release|Any CPU
		{3BD00A07-08DC-45BC-B56D-FFF435A357F7}.Release|x64.Build.0 = Release|Any CPU
		{3BD00A07-08DC-45BC-B56D-FFF435A357F7}.Release|x86.ActiveCfg = Release|Any CPU
		{3BD00A07-08DC-45BC-B56D-FFF435A357F7}.Release|x86.Build.0 = Release|Any CPU
		{8A146DDE-370B-4D49-B5C2-FEBEAA9B24DC}.Debug|Any CPU.ActiveCfg = Debug|Any CPU
		{8A146DDE-370B-4D49-B5C2-FEBEAA9B24DC}.Debug|Any CPU.Build.0 = Debug|Any CPU
		{8A146DDE-370B-4D49-B5C2-FEBEAA9B24DC}.Debug|x64.ActiveCfg = Debug|Any CPU
		{8A146DDE-370B-4D49-B5C2-FEBEAA9B24DC}.Debug|x64.Build.0 = Debug|Any CPU
		{8A146DDE-370B-4D49-B5C2-FEBEAA9B24DC}.Debug|x86.ActiveCfg = Debug|Any CPU
		{8A146DDE-370B-4D49-B5C2-FEBEAA9B24DC}.Debug|x86.Build.0 = Debug|Any CPU
		{8A146DDE-370B-4D49-B5C2-FEBEAA9B24DC}.Release|Any CPU.ActiveCfg = Release|Any CPU
		{8A146DDE-370B-4D49-B5C2-FEBEAA9B24DC}.Release|Any CPU.Build.0 = Release|Any CPU
		{8A146DDE-370B-4D49-B5C2-FEBEAA9B24DC}.Release|x64.ActiveCfg = Release|Any CPU
		{8A146DDE-370B-4D49-B5C2-FEBEAA9B24DC}.Release|x64.Build.0 = Release|Any CPU
		{8A146DDE-370B-4D49-B5C2-FEBEAA9B24DC}.Release|x86.ActiveCfg = Release|Any CPU
		{8A146DDE-370B-4D49-B5C2-FEBEAA9B24DC}.Release|x86.Build.0 = Release|Any CPU
		{58D9836D-5F93-4AF9-B780-3464E7150AB3}.Debug|Any CPU.ActiveCfg = Debug|Any CPU
		{58D9836D-5F93-4AF9-B780-3464E7150AB3}.Debug|Any CPU.Build.0 = Debug|Any CPU
		{58D9836D-5F93-4AF9-B780-3464E7150AB3}.Debug|x64.ActiveCfg = Debug|Any CPU
		{58D9836D-5F93-4AF9-B780-3464E7150AB3}.Debug|x64.Build.0 = Debug|Any CPU
		{58D9836D-5F93-4AF9-B780-3464E7150AB3}.Debug|x86.ActiveCfg = Debug|Any CPU
		{58D9836D-5F93-4AF9-B780-3464E7150AB3}.Debug|x86.Build.0 = Debug|Any CPU
		{58D9836D-5F93-4AF9-B780-3464E7150AB3}.Release|Any CPU.ActiveCfg = Release|Any CPU
		{58D9836D-5F93-4AF9-B780-3464E7150AB3}.Release|Any CPU.Build.0 = Release|Any CPU
		{58D9836D-5F93-4AF9-B780-3464E7150AB3}.Release|x64.ActiveCfg = Release|Any CPU
		{58D9836D-5F93-4AF9-B780-3464E7150AB3}.Release|x64.Build.0 = Release|Any CPU
		{58D9836D-5F93-4AF9-B780-3464E7150AB3}.Release|x86.ActiveCfg = Release|Any CPU
		{58D9836D-5F93-4AF9-B780-3464E7150AB3}.Release|x86.Build.0 = Release|Any CPU
	EndGlobalSection
	GlobalSection(SolutionProperties) = preSolution
		HideSolutionNode = FALSE
	EndGlobalSection
	GlobalSection(NestedProjects) = preSolution
		{F48B66E0-9768-46C3-AEFD-E04807D4CC2B} = {52270E06-D3BB-4B8E-A261-377E460B5FD5}
		{470E9DF1-37DE-4B95-9F32-B2ACEACB1C8F} = {4FAAB5E4-2D81-4062-90D2-6F68DF746BD2}
		{7FE53649-E01F-4E1C-A0A9-AD0984FE9F78} = {52270E06-D3BB-4B8E-A261-377E460B5FD5}
		{193BF37C-0646-43D4-B80A-D4D8E325A924} = {4C02DD63-BFCB-4700-B03F-25B8F40714AC}
		{97D616D8-1AA7-4E73-97F9-1BC76E1A4900} = {52270E06-D3BB-4B8E-A261-377E460B5FD5}
		{DDB981FE-A84F-43E4-8BC2-B26D034FC682} = {4FAAB5E4-2D81-4062-90D2-6F68DF746BD2}
		{2DFE981A-D1CF-4208-834F-2817C7979CED} = {52270E06-D3BB-4B8E-A261-377E460B5FD5}
		{64904748-4912-4443-8AC4-2F245C7239D8} = {52270E06-D3BB-4B8E-A261-377E460B5FD5}
		{3BD00A07-08DC-45BC-B56D-FFF435A357F7} = {4FAAB5E4-2D81-4062-90D2-6F68DF746BD2}
		{8A146DDE-370B-4D49-B5C2-FEBEAA9B24DC} = {52270E06-D3BB-4B8E-A261-377E460B5FD5}
		{58D9836D-5F93-4AF9-B780-3464E7150AB3} = {4FAAB5E4-2D81-4062-90D2-6F68DF746BD2}
	EndGlobalSection
	GlobalSection(ExtensibilityGlobals) = postSolution
		SolutionGuid = {51F9BF65-6DFB-4A56-AC1C-EA87B6678C8B}
	EndGlobalSection
EndGlobal
