
Microsoft Visual Studio Solution File, Format Version 12.00
# Visual Studio Version 16
VisualStudioVersion = 16.0.29509.3
MinimumVisualStudioVersion = 15.0.26124.0
Project("{2150E333-8FDC-42A3-9474-1A3956D46DE8}") = "Configuration", "Configuration", "{0577A3E6-642A-4865-90E7-70103A1B0880}"
	ProjectSection(SolutionItems) = preProject
		.config\.editorconfig = .config\.editorconfig
		.config\.gitignore-dotnet = .config\.gitignore-dotnet
		azure-pipelines.yml = azure-pipelines.yml
		.config\Directory.Build.props = .config\Directory.Build.props
		.config\Directory.Build.targets = .config\Directory.Build.targets
		.config\dotnet.ruleset = .config\dotnet.ruleset
		.config\gulpfile.js = .config\gulpfile.js
		.config\stylecop.json = .config\stylecop.json
	EndProjectSection
EndProject
Project("{2150E333-8FDC-42A3-9474-1A3956D46DE8}") = "src", "src", "{52270E06-D3BB-4B8E-A261-377E460B5FD5}"
EndProject
Project("{2150E333-8FDC-42A3-9474-1A3956D46DE8}") = "tests", "tests", "{4FAAB5E4-2D81-4062-90D2-6F68DF746BD2}"
EndProject
Project("{9A19103F-16F7-4668-BE54-9A1E7A4F7556}") = "Configuration.Persistence", "src\Configuration.Persistence\Configuration.Persistence.csproj", "{F48B66E0-9768-46C3-AEFD-E04807D4CC2B}"
EndProject
Project("{9A19103F-16F7-4668-BE54-9A1E7A4F7556}") = "Configuration.PersistenceTests", "tests\Configuration.PersistenceTests\Configuration.PersistenceTests.csproj", "{470E9DF1-37DE-4B95-9F32-B2ACEACB1C8F}"
EndProject
Project("{9A19103F-16F7-4668-BE54-9A1E7A4F7556}") = "Configuration.Peristence.IdentityServer", "src\Configuration.Peristence.IdentityServer\Configuration.Peristence.IdentityServer.csproj", "{7FE53649-E01F-4E1C-A0A9-AD0984FE9F78}"
EndProject
Project("{9A19103F-16F7-4668-BE54-9A1E7A4F7556}") = "Configuration.TestData", "tests\Configuration.TestData\Configuration.TestData.csproj", "{A2B0FFF6-DE9F-43FA-9DE1-B804D5877071}"
EndProject
Project("{FAE04EC0-301F-11D3-BF4B-00C04F79EFBC}") = "Configuration.Persistence.HealthCheck", "src\Configuration.Persistence.HealthCheck\Configuration.Persistence.HealthCheck.csproj", "{0B6FD6FD-3A4B-479F-80F2-4F3BEF65EDEC}"
EndProject
Global
	GlobalSection(SolutionConfigurationPlatforms) = preSolution
		Debug|Any CPU = Debug|Any CPU
		Debug|x64 = Debug|x64
		Debug|x86 = Debug|x86
		Release|Any CPU = Release|Any CPU
		Release|x64 = Release|x64
		Release|x86 = Release|x86
	EndGlobalSection
	GlobalSection(ProjectConfigurationPlatforms) = postSolution
		{F48B66E0-9768-46C3-AEFD-E04807D4CC2B}.Debug|Any CPU.ActiveCfg = Debug|Any CPU
		{F48B66E0-9768-46C3-AEFD-E04807D4CC2B}.Debug|Any CPU.Build.0 = Debug|Any CPU
		{F48B66E0-9768-46C3-AEFD-E04807D4CC2B}.Debug|x64.ActiveCfg = Debug|Any CPU
		{F48B66E0-9768-46C3-AEFD-E04807D4CC2B}.Debug|x64.Build.0 = Debug|Any CPU
		{F48B66E0-9768-46C3-AEFD-E04807D4CC2B}.Debug|x86.ActiveCfg = Debug|Any CPU
		{F48B66E0-9768-46C3-AEFD-E04807D4CC2B}.Debug|x86.Build.0 = Debug|Any CPU
		{F48B66E0-9768-46C3-AEFD-E04807D4CC2B}.Release|Any CPU.ActiveCfg = Release|Any CPU
		{F48B66E0-9768-46C3-AEFD-E04807D4CC2B}.Release|Any CPU.Build.0 = Release|Any CPU
		{F48B66E0-9768-46C3-AEFD-E04807D4CC2B}.Release|x64.ActiveCfg = Release|Any CPU
		{F48B66E0-9768-46C3-AEFD-E04807D4CC2B}.Release|x64.Build.0 = Release|Any CPU
		{F48B66E0-9768-46C3-AEFD-E04807D4CC2B}.Release|x86.ActiveCfg = Release|Any CPU
		{F48B66E0-9768-46C3-AEFD-E04807D4CC2B}.Release|x86.Build.0 = Release|Any CPU
		{470E9DF1-37DE-4B95-9F32-B2ACEACB1C8F}.Debug|Any CPU.ActiveCfg = Debug|Any CPU
		{470E9DF1-37DE-4B95-9F32-B2ACEACB1C8F}.Debug|Any CPU.Build.0 = Debug|Any CPU
		{470E9DF1-37DE-4B95-9F32-B2ACEACB1C8F}.Debug|x64.ActiveCfg = Debug|Any CPU
		{470E9DF1-37DE-4B95-9F32-B2ACEACB1C8F}.Debug|x64.Build.0 = Debug|Any CPU
		{470E9DF1-37DE-4B95-9F32-B2ACEACB1C8F}.Debug|x86.ActiveCfg = Debug|Any CPU
		{470E9DF1-37DE-4B95-9F32-B2ACEACB1C8F}.Debug|x86.Build.0 = Debug|Any CPU
		{470E9DF1-37DE-4B95-9F32-B2ACEACB1C8F}.Release|Any CPU.ActiveCfg = Release|Any CPU
		{470E9DF1-37DE-4B95-9F32-B2ACEACB1C8F}.Release|Any CPU.Build.0 = Release|Any CPU
		{470E9DF1-37DE-4B95-9F32-B2ACEACB1C8F}.Release|x64.ActiveCfg = Release|Any CPU
		{470E9DF1-37DE-4B95-9F32-B2ACEACB1C8F}.Release|x64.Build.0 = Release|Any CPU
		{470E9DF1-37DE-4B95-9F32-B2ACEACB1C8F}.Release|x86.ActiveCfg = Release|Any CPU
		{470E9DF1-37DE-4B95-9F32-B2ACEACB1C8F}.Release|x86.Build.0 = Release|Any CPU
		{7FE53649-E01F-4E1C-A0A9-AD0984FE9F78}.Debug|Any CPU.ActiveCfg = Debug|Any CPU
		{7FE53649-E01F-4E1C-A0A9-AD0984FE9F78}.Debug|Any CPU.Build.0 = Debug|Any CPU
		{7FE53649-E01F-4E1C-A0A9-AD0984FE9F78}.Debug|x64.ActiveCfg = Debug|Any CPU
		{7FE53649-E01F-4E1C-A0A9-AD0984FE9F78}.Debug|x64.Build.0 = Debug|Any CPU
		{7FE53649-E01F-4E1C-A0A9-AD0984FE9F78}.Debug|x86.ActiveCfg = Debug|Any CPU
		{7FE53649-E01F-4E1C-A0A9-AD0984FE9F78}.Debug|x86.Build.0 = Debug|Any CPU
		{7FE53649-E01F-4E1C-A0A9-AD0984FE9F78}.Release|Any CPU.ActiveCfg = Release|Any CPU
		{7FE53649-E01F-4E1C-A0A9-AD0984FE9F78}.Release|Any CPU.Build.0 = Release|Any CPU
		{7FE53649-E01F-4E1C-A0A9-AD0984FE9F78}.Release|x64.ActiveCfg = Release|Any CPU
		{7FE53649-E01F-4E1C-A0A9-AD0984FE9F78}.Release|x64.Build.0 = Release|Any CPU
		{7FE53649-E01F-4E1C-A0A9-AD0984FE9F78}.Release|x86.ActiveCfg = Release|Any CPU
		{7FE53649-E01F-4E1C-A0A9-AD0984FE9F78}.Release|x86.Build.0 = Release|Any CPU
		{A2B0FFF6-DE9F-43FA-9DE1-B804D5877071}.Debug|Any CPU.ActiveCfg = Debug|Any CPU
		{A2B0FFF6-DE9F-43FA-9DE1-B804D5877071}.Debug|Any CPU.Build.0 = Debug|Any CPU
		{A2B0FFF6-DE9F-43FA-9DE1-B804D5877071}.Debug|x64.ActiveCfg = Debug|Any CPU
		{A2B0FFF6-DE9F-43FA-9DE1-B804D5877071}.Debug|x64.Build.0 = Debug|Any CPU
		{A2B0FFF6-DE9F-43FA-9DE1-B804D5877071}.Debug|x86.ActiveCfg = Debug|Any CPU
		{A2B0FFF6-DE9F-43FA-9DE1-B804D5877071}.Debug|x86.Build.0 = Debug|Any CPU
		{A2B0FFF6-DE9F-43FA-9DE1-B804D5877071}.Release|Any CPU.ActiveCfg = Release|Any CPU
		{A2B0FFF6-DE9F-43FA-9DE1-B804D5877071}.Release|Any CPU.Build.0 = Release|Any CPU
		{A2B0FFF6-DE9F-43FA-9DE1-B804D5877071}.Release|x64.ActiveCfg = Release|Any CPU
		{A2B0FFF6-DE9F-43FA-9DE1-B804D5877071}.Release|x64.Build.0 = Release|Any CPU
		{A2B0FFF6-DE9F-43FA-9DE1-B804D5877071}.Release|x86.ActiveCfg = Release|Any CPU
		{A2B0FFF6-DE9F-43FA-9DE1-B804D5877071}.Release|x86.Build.0 = Release|Any CPU
		{0B6FD6FD-3A4B-479F-80F2-4F3BEF65EDEC}.Debug|Any CPU.ActiveCfg = Debug|Any CPU
		{0B6FD6FD-3A4B-479F-80F2-4F3BEF65EDEC}.Debug|Any CPU.Build.0 = Debug|Any CPU
		{0B6FD6FD-3A4B-479F-80F2-4F3BEF65EDEC}.Debug|x64.ActiveCfg = Debug|Any CPU
		{0B6FD6FD-3A4B-479F-80F2-4F3BEF65EDEC}.Debug|x64.Build.0 = Debug|Any CPU
		{0B6FD6FD-3A4B-479F-80F2-4F3BEF65EDEC}.Debug|x86.ActiveCfg = Debug|Any CPU
		{0B6FD6FD-3A4B-479F-80F2-4F3BEF65EDEC}.Debug|x86.Build.0 = Debug|Any CPU
		{0B6FD6FD-3A4B-479F-80F2-4F3BEF65EDEC}.Release|Any CPU.ActiveCfg = Release|Any CPU
		{0B6FD6FD-3A4B-479F-80F2-4F3BEF65EDEC}.Release|Any CPU.Build.0 = Release|Any CPU
		{0B6FD6FD-3A4B-479F-80F2-4F3BEF65EDEC}.Release|x64.ActiveCfg = Release|Any CPU
		{0B6FD6FD-3A4B-479F-80F2-4F3BEF65EDEC}.Release|x64.Build.0 = Release|Any CPU
		{0B6FD6FD-3A4B-479F-80F2-4F3BEF65EDEC}.Release|x86.ActiveCfg = Release|Any CPU
		{0B6FD6FD-3A4B-479F-80F2-4F3BEF65EDEC}.Release|x86.Build.0 = Release|Any CPU
	EndGlobalSection
	GlobalSection(SolutionProperties) = preSolution
		HideSolutionNode = FALSE
	EndGlobalSection
	GlobalSection(NestedProjects) = preSolution
		{F48B66E0-9768-46C3-AEFD-E04807D4CC2B} = {52270E06-D3BB-4B8E-A261-377E460B5FD5}
		{470E9DF1-37DE-4B95-9F32-B2ACEACB1C8F} = {4FAAB5E4-2D81-4062-90D2-6F68DF746BD2}
		{7FE53649-E01F-4E1C-A0A9-AD0984FE9F78} = {52270E06-D3BB-4B8E-A261-377E460B5FD5}
		{A2B0FFF6-DE9F-43FA-9DE1-B804D5877071} = {4FAAB5E4-2D81-4062-90D2-6F68DF746BD2}
		{0B6FD6FD-3A4B-479F-80F2-4F3BEF65EDEC} = {52270E06-D3BB-4B8E-A261-377E460B5FD5}
	EndGlobalSection
	GlobalSection(ExtensibilityGlobals) = postSolution
		SolutionGuid = {51F9BF65-6DFB-4A56-AC1C-EA87B6678C8B}
	EndGlobalSection
EndGlobal
