{
  "version": 2,
  "dependencies": {
    "net8.0": {
      "GitVersion.MsBuild": {
        "type": "Direct",
        "requested": "[6.4.0, )",
        "resolved": "6.4.0",
        "contentHash": "U3GowPObvH43MBoB+N9HmaP7R9DGOrrGwbuTZIfia6RSFi/7bApoT7RQFMA9QWpZ9pJF6TKysCaxcv7Qwzucqw=="
      },
      "Microsoft.Sbom.Targets": {
        "type": "Direct",
        "requested": "[4.1.2, )",
        "resolved": "4.1.2",
        "contentHash": "AmGCBhWtWu1d1PCit6WTdmpq48nPmmnJz9zZFBsxoCjYZjjZ0Gjm+wuAzHzVMF8VmTo/NeDGi2C73969QXiryw=="
      },
      "NewStyleCop.Analyzers": {
        "type": "Direct",
        "requested": "[1.1.0, )",
        "resolved": "1.1.0",
        "contentHash": "kc/xCU75PktCWXsUK//e3kMempmFBDsdh24vk/u+XFpNxq+GQyDjp3uxK2niBDtPydzm6z3wxmWV1rUBWWYSRA=="
      }
    },
    "net8.0/linux-x64": {},
    "net8.0/osx-x64": {},
    "net8.0/win-x64": {}
  }
}